PODS:
  - SnapKit (5.6.0)
  - SwifterKnife (0.1.4):
    - SwifterKnife/Base (= 0.1.4)
    - SwifterKnife/Extension (= 0.1.4)
    - SwifterKnife/Utility (= 0.1.4)
    - SwifterKnife/Views (= 0.1.4)
  - SwifterKnife/Base (0.1.4)
  - SwifterKnife/Extension (0.1.4)
  - SwifterKnife/Utility (0.1.4)
  - SwifterKnife/Views (0.1.4):
    - SnapKit

DEPENDENCIES:
  - SwifterKnife (from `../`)

SPEC REPOS:
  trunk:
    - SnapKit

EXTERNAL SOURCES:
  SwifterKnife:
    :path: "../"

SPEC CHECKSUMS:
  SnapKit: e01d52ebb8ddbc333eefe2132acf85c8227d9c25
  SwifterKnife: f6eda0c9695bbb4bd80b41ee6bcc90610d1212d0

PODFILE CHECKSUM: c752aef62df9f94ad8ecea3d3f4cf1ca8bdf6468

COCOAPODS: 1.11.2
