PODS:
  - Alamofire (5.7.1)
  - lottie-ios (4.2.0)
  - SnapKit (5.6.0)
  - SwifterKnife (0.2.0):
    - SwifterKnife/Base (= 0.2.0)
    - SwifterKnife/Database (= 0.2.0)
    - SwifterKnife/Extension (= 0.2.0)
    - SwifterKnife/Utility (= 0.2.0)
    - SwifterKnife/Views (= 0.2.0)
  - SwifterKnife/Base (0.2.0)
  - SwifterKnife/Database (0.2.0)
  - SwifterKnife/Extension (0.2.0):
    - SwifterKnife/Base
  - SwifterKnife/Utility (0.2.0)
  - SwifterKnife/Views (0.2.0):
    - SnapKit
    - SwifterKnife/Extension
    - SwifterKnife/Utility

DEPENDENCIES:
  - Alamofire
  - lottie-ios
  - SnapKit (from `https://github.com/CoderLouie/SnapKit.git`, branch `my_source`)
  - SwifterKnife (from `../`)

SPEC REPOS:
  trunk:
    - Alamofire
    - lottie-ios

EXTERNAL SOURCES:
  SnapKit:
    :branch: my_source
    :git: https://github.com/CoderLouie/SnapKit.git
  SwifterKnife:
    :path: "../"

CHECKOUT OPTIONS:
  SnapKit:
    :commit: 4bc045ba6657053c6fa8a87111a2a653a63943af
    :git: https://github.com/CoderLouie/SnapKit.git

SPEC CHECKSUMS:
  Alamofire: 0123a34370cb170936ae79a8df46cc62b2edeb88
  lottie-ios: 809ecf2d460ed650a6aed7aa88b2ec45fab4779c
  SnapKit: 9eedce9d0d01ad07c7c75194ee7d39b42c04bb1f
  SwifterKnife: ed99ed3b48122a476c8998d40e02ac5a3f6fe581

PODFILE CHECKSUM: a19886b841b9bbe537be298bba8a33c1c4eea216

COCOAPODS: 1.14.2
