PODS:
  - SnapKit (5.0.1)
  - SwifterKnife (0.1.0):
    - SwifterKnife/Base (= 0.1.0)
    - SwifterKnife/Extension (= 0.1.0)
    - SwifterKnife/Utility (= 0.1.0)
    - SwifterKnife/Views (= 0.1.0)
  - SwifterKnife/Base (0.1.0)
  - SwifterKnife/Extension (0.1.0)
  - SwifterKnife/Utility (0.1.0)
  - SwifterKnife/Views (0.1.0):
    - SnapKit

DEPENDENCIES:
  - SwifterKnife (from `../`)

SPEC REPOS:
  trunk:
    - SnapKit

EXTERNAL SOURCES:
  SwifterKnife:
    :path: "../"

SPEC CHECKSUMS:
  SnapKit: 97b92857e3df3a0c71833cce143274bf6ef8e5eb
  SwifterKnife: da4e2c5f0efa4d892e50b3f05f6b074434528e83

PODFILE CHECKSUM: c752aef62df9f94ad8ecea3d3f4cf1ca8bdf6468

COCOAPODS: 1.10.1
